
Microsoft Visual Studio Solution File, Format Version 12.00
# Visual Studio Version 16
VisualStudioVersion = 16.0.32630.194
MinimumVisualStudioVersion = 10.0.40219.1
Project("{FAE04EC0-301F-11D3-BF4B-00C04F79EFBC}") = "Calculadora", "Calculadora\Calculadora.csproj", "{B6E1FB6D-8054-47D7-9AEC-02FCA44238BB}"
EndProject
Global
	GlobalSection(SolutionConfigurationPlatforms) = preSolution
		Debug|Any CPU = Debug|Any CPU
		Release|Any CPU = Release|Any CPU
	EndGlobalSection
	GlobalSection(ProjectConfigurationPlatforms) = postSolution
		{B6E1FB6D-8054-47D7-9AEC-02FCA44238BB}.Debug|Any CPU.ActiveCfg = Debug|Any CPU
		{B6E1FB6D-8054-47D7-9AEC-02FCA44238BB}.Debug|Any CPU.Build.0 = Debug|Any CPU
		{B6E1FB6D-8054-47D7-9AEC-02FCA44238BB}.Release|Any CPU.ActiveCfg = Release|Any CPU
		{B6E1FB6D-8054-47D7-9AEC-02FCA44238BB}.Release|Any CPU.Build.0 = Release|Any CPU
	EndGlobalSection
	GlobalSection(SolutionProperties) = preSolution
		HideSolutionNode = FALSE
	EndGlobalSection
	GlobalSection(ExtensibilityGlobals) = postSolution
		SolutionGuid = {F2F08F77-065E-4AC7-9C1F-42C48BF02BF7}
	EndGlobalSection
EndGlobal
