
Microsoft Visual Studio Solution File, Format Version 12.00
# Visual Studio Version 16
VisualStudioVersion = 16.0.32630.194
MinimumVisualStudioVersion = 10.0.40219.1
Project("{FAE04EC0-301F-11D3-BF4B-00C04F79EFBC}") = "Ejercicio2", "Ejercicio2\Ejercicio2.csproj", "{6C4634ED-BCF8-4247-880C-E6416600C4F1}"
EndProject
Global
	GlobalSection(SolutionConfigurationPlatforms) = preSolution
		Debug|Any CPU = Debug|Any CPU
		Release|Any CPU = Release|Any CPU
	EndGlobalSection
	GlobalSection(ProjectConfigurationPlatforms) = postSolution
		{6C4634ED-BCF8-4247-880C-E6416600C4F1}.Debug|Any CPU.ActiveCfg = Debug|Any CPU
		{6C4634ED-BCF8-4247-880C-E6416600C4F1}.Debug|Any CPU.Build.0 = Debug|Any CPU
		{6C4634ED-BCF8-4247-880C-E6416600C4F1}.Release|Any CPU.ActiveCfg = Release|Any CPU
		{6C4634ED-BCF8-4247-880C-E6416600C4F1}.Release|Any CPU.Build.0 = Release|Any CPU
	EndGlobalSection
	GlobalSection(SolutionProperties) = preSolution
		HideSolutionNode = FALSE
	EndGlobalSection
	GlobalSection(ExtensibilityGlobals) = postSolution
		SolutionGuid = {B2D97E6A-D35D-409D-9C98-BA7A35DD0E8C}
	EndGlobalSection
EndGlobal
