
Microsoft Visual Studio Solution File, Format Version 12.00
# Visual Studio Version 16
VisualStudioVersion = 16.0.32929.386
MinimumVisualStudioVersion = 10.0.40219.1
Project("{FAE04EC0-301F-11D3-BF4B-00C04F79EFBC}") = "Actividad Evaluada Semana 15", "Actividad Evaluada Semana 15\Actividad Evaluada Semana 15.csproj", "{FEB76C7C-1BB9-4FF2-B1BD-045611ED0DE9}"
EndProject
Global
	GlobalSection(SolutionConfigurationPlatforms) = preSolution
		Debug|Any CPU = Debug|Any CPU
		Release|Any CPU = Release|Any CPU
	EndGlobalSection
	GlobalSection(ProjectConfigurationPlatforms) = postSolution
		{FEB76C7C-1BB9-4FF2-B1BD-045611ED0DE9}.Debug|Any CPU.ActiveCfg = Debug|Any CPU
		{FEB76C7C-1BB9-4FF2-B1BD-045611ED0DE9}.Debug|Any CPU.Build.0 = Debug|Any CPU
		{FEB76C7C-1BB9-4FF2-B1BD-045611ED0DE9}.Release|Any CPU.ActiveCfg = Release|Any CPU
		{FEB76C7C-1BB9-4FF2-B1BD-045611ED0DE9}.Release|Any CPU.Build.0 = Release|Any CPU
	EndGlobalSection
	GlobalSection(SolutionProperties) = preSolution
		HideSolutionNode = FALSE
	EndGlobalSection
	GlobalSection(ExtensibilityGlobals) = postSolution
		SolutionGuid = {52879293-6926-4577-9C22-48C39665F2B9}
	EndGlobalSection
EndGlobal
